
Microsoft Visual Studio Solution File, Format Version 12.00
# Visual Studio Version 17
VisualStudioVersion = 17.10.34916.146
MinimumVisualStudioVersion = 10.0.40219.1
Project("{FAE04EC0-301F-11D3-BF4B-00C04F79EFBC}") = "Cinema", "Cinema\Cinema.csproj", "{BD42DC06-4BC8-469A-8ECA-869ED7B495D0}"
EndProject
Global
	GlobalSection(SolutionConfigurationPlatforms) = preSolution
		Debug|Any CPU = Debug|Any CPU
		Release|Any CPU = Release|Any CPU
	EndGlobalSection
	GlobalSection(ProjectConfigurationPlatforms) = postSolution
		{BD42DC06-4BC8-469A-8ECA-869ED7B495D0}.Debug|Any CPU.ActiveCfg = Debug|Any CPU
		{BD42DC06-4BC8-469A-8ECA-869ED7B495D0}.Debug|Any CPU.Build.0 = Debug|Any CPU
		{BD42DC06-4BC8-469A-8ECA-869ED7B495D0}.Release|Any CPU.ActiveCfg = Release|Any CPU
		{BD42DC06-4BC8-469A-8ECA-869ED7B495D0}.Release|Any CPU.Build.0 = Release|Any CPU
	EndGlobalSection
	GlobalSection(SolutionProperties) = preSolution
		HideSolutionNode = FALSE
	EndGlobalSection
	GlobalSection(ExtensibilityGlobals) = postSolution
		SolutionGuid = {D3B4F793-3801-443F-B904-D5A63892AE25}
	EndGlobalSection
EndGlobal
